
Microsoft Visual Studio Solution File, Format Version 12.00
# Visual Studio Version 17
VisualStudioVersion = 17.8.34330.188
MinimumVisualStudioVersion = 10.0.40219.1
Project("{9A19103F-16F7-4668-BE54-9A1E7A4F7556}") = "RSODiscussionMicroServiceAPI", "RSODiscussionMicroServiceAPI\RSODiscussionMicroServiceAPI.csproj", "{8458227F-FB86-4E56-A995-03E7ED3B95A3}"
EndProject
Project("{9A19103F-16F7-4668-BE54-9A1E7A4F7556}") = "RSO.Core", "..\..\rso-user-service\RSOUserMicroServiceAPI\RSO.Core\RSO.Core.csproj", "{1D608701-4357-4909-9E88-33113622536F}"
EndProject
Global
	GlobalSection(SolutionConfigurationPlatforms) = preSolution
		Debug|Any CPU = Debug|Any CPU
		Release|Any CPU = Release|Any CPU
	EndGlobalSection
	GlobalSection(ProjectConfigurationPlatforms) = postSolution
		{8458227F-FB86-4E56-A995-03E7ED3B95A3}.Debug|Any CPU.ActiveCfg = Debug|Any CPU
		{8458227F-FB86-4E56-A995-03E7ED3B95A3}.Debug|Any CPU.Build.0 = Debug|Any CPU
		{8458227F-FB86-4E56-A995-03E7ED3B95A3}.Release|Any CPU.ActiveCfg = Release|Any CPU
		{8458227F-FB86-4E56-A995-03E7ED3B95A3}.Release|Any CPU.Build.0 = Release|Any CPU
		{1D608701-4357-4909-9E88-33113622536F}.Debug|Any CPU.ActiveCfg = Debug|Any CPU
		{1D608701-4357-4909-9E88-33113622536F}.Debug|Any CPU.Build.0 = Debug|Any CPU
		{1D608701-4357-4909-9E88-33113622536F}.Release|Any CPU.ActiveCfg = Release|Any CPU
		{1D608701-4357-4909-9E88-33113622536F}.Release|Any CPU.Build.0 = Release|Any CPU
	EndGlobalSection
	GlobalSection(SolutionProperties) = preSolution
		HideSolutionNode = FALSE
	EndGlobalSection
	GlobalSection(ExtensibilityGlobals) = postSolution
		SolutionGuid = {94D4A560-DC68-4E6D-9E38-B4001A053FFB}
	EndGlobalSection
EndGlobal
